
Microsoft Visual Studio Solution File, Format Version 12.00
# Visual Studio Version 16
VisualStudioVersion = 16.0.30907.101
MinimumVisualStudioVersion = 10.0.40219.1
Project("{FAE04EC0-301F-11D3-BF4B-00C04F79EFBC}") = "Infinity Notes", "Infinity Notes\Infinity Notes.csproj", "{D6980483-4EFF-40A0-9922-B9897A71651A}"
EndProject
Global
	GlobalSection(SolutionConfigurationPlatforms) = preSolution
		Debug|Any CPU = Debug|Any CPU
		Release|Any CPU = Release|Any CPU
	EndGlobalSection
	GlobalSection(ProjectConfigurationPlatforms) = postSolution
		{D6980483-4EFF-40A0-9922-B9897A71651A}.Debug|Any CPU.ActiveCfg = Debug|Any CPU
		{D6980483-4EFF-40A0-9922-B9897A71651A}.Debug|Any CPU.Build.0 = Debug|Any CPU
		{D6980483-4EFF-40A0-9922-B9897A71651A}.Release|Any CPU.ActiveCfg = Release|Any CPU
		{D6980483-4EFF-40A0-9922-B9897A71651A}.Release|Any CPU.Build.0 = Release|Any CPU
	EndGlobalSection
	GlobalSection(SolutionProperties) = preSolution
		HideSolutionNode = FALSE
	EndGlobalSection
	GlobalSection(ExtensibilityGlobals) = postSolution
		SolutionGuid = {47E4CFB0-4E40-403B-A1F4-35D6344FCF20}
	EndGlobalSection
EndGlobal
